// !$*UTF8*$!
{
	archiveVersion = 1;
	classes = {
	};
	objectVersion = 77;
	objects = {

/* Begin PBXBuildFile section */
		EA10AF8B2CFF9F41000BA431 /* AlphabeticalIndexView.swift in Sources */ = {isa = PBXBuildFile; fileRef = EA10AF682CFF9F41000BA431 /* AlphabeticalIndexView.swift */; };
		EA10AF8C2CFF9F41000BA431 /* Hymn.swift in Sources */ = {isa = PBXBuildFile; fileRef = EA10AF4D2CFF9F41000BA431 /* Hymn.swift */; };
		EA10AF8D2CFF9F41000BA431 /* SearchView.swift in Sources */ = {isa = PBXBuildFile; fileRef = EA10AF7E2CFF9F41000BA431 /* SearchView.swift */; };
		EA10AF8E2CFF9F41000BA431 /* NumberPadView.swift in Sources */ = {isa = PBXBuildFile; fileRef = EA10AF7B2CFF9F41000BA431 /* NumberPadView.swift */; };
		EA10AF8F2CFF9F41000BA431 /* HymnSheet.swift in Sources */ = {isa = PBXBuildFile; fileRef = EA10AF502CFF9F41000BA431 /* HymnSheet.swift */; };
		EA10AF902CFF9F41000BA431 /* AppDefaults.swift in Sources */ = {isa = PBXBuildFile; fileRef = EA10AF482CFF9F41000BA431 /* AppDefaults.swift */; };
		EA10AF912CFF9F41000BA431 /* ScreenService.swift in Sources */ = {isa = PBXBuildFile; fileRef = EA10AF602CFF9F41000BA431 /* ScreenService.swift */; };
		EA10AF922CFF9F41000BA431 /* FavoritesView.swift in Sources */ = {isa = PBXBuildFile; fileRef = EA10AF6F2CFF9F41000BA431 /* FavoritesView.swift */; };
		EA10AF932CFF9F41000BA431 /* FavoriteReadingsView.swift in Sources */ = {isa = PBXBuildFile; fileRef = EA10AF6E2CFF9F41000BA431 /* FavoriteReadingsView.swift */; };
		EA10AF942CFF9F41000BA431 /* NumericalIndexView.swift in Sources */ = {isa = PBXBuildFile; fileRef = EA10AF692CFF9F41000BA431 /* NumericalIndexView.swift */; };
		EA10AF952CFF9F41000BA431 /* AppIconPreviewView.swift in Sources */ = {isa = PBXBuildFile; fileRef = EA10AF6D2CFF9F41000BA431 /* AppIconPreviewView.swift */; };
		EA10AF962CFF9F41000BA431 /* SheetMusicService.swift in Sources */ = {isa = PBXBuildFile; fileRef = EA10AF612CFF9F41000BA431 /* SheetMusicService.swift */; };
		EA10AF972CFF9F41000BA431 /* PDFService.swift in Sources */ = {isa = PBXBuildFile; fileRef = EA10AF5E2CFF9F41000BA431 /* PDFService.swift */; };
		EA10AF982CFF9F41000BA431 /* Font+Scaling.swift in Sources */ = {isa = PBXBuildFile; fileRef = EA10AF4B2CFF9F41000BA431 /* Font+Scaling.swift */; };
		EA10AF992CFF9F41000BA431 /* HistoryView.swift in Sources */ = {isa = PBXBuildFile; fileRef = EA10AF702CFF9F41000BA431 /* HistoryView.swift */; };
		EA10AF9A2CFF9F41000BA431 /* ResponsiveReadingView.swift in Sources */ = {isa = PBXBuildFile; fileRef = EA10AF7D2CFF9F41000BA431 /* ResponsiveReadingView.swift */; };
		EA10AF9B2CFF9F41000BA431 /* SettingsView.swift in Sources */ = {isa = PBXBuildFile; fileRef = EA10AF7F2CFF9F41000BA431 /* SettingsView.swift */; };
		EA10AF9D2CFF9F41000BA431 /* Bundle+DisplayName.swift in Sources */ = {isa = PBXBuildFile; fileRef = EA10AF4A2CFF9F41000BA431 /* Bundle+DisplayName.swift */; };
		EA10AF9E2CFF9F41000BA431 /* AudioSettingsView.swift in Sources */ = {isa = PBXBuildFile; fileRef = EA10AF6B2CFF9F41000BA431 /* AudioSettingsView.swift */; };
		EA10AF9F2CFF9F41000BA431 /* AppTheme.swift in Sources */ = {isa = PBXBuildFile; fileRef = EA10AF632CFF9F41000BA431 /* AppTheme.swift */; };
		EA10AFA12CFF9F41000BA431 /* HymnalLanguage.swift in Sources */ = {isa = PBXBuildFile; fileRef = EA10AF4E2CFF9F41000BA431 /* HymnalLanguage.swift */; };
		EA10AFA22CFF9F41000BA431 /* MainTabView.swift in Sources */ = {isa = PBXBuildFile; fileRef = EA10AF772CFF9F41000BA431 /* MainTabView.swift */; };
		EA10AFA32CFF9F41000BA431 /* HymnalService.swift in Sources */ = {isa = PBXBuildFile; fileRef = EA10AF5D2CFF9F41000BA431 /* HymnalService.swift */; };
		EA10AFA42CFF9F41000BA431 /* HymnDetailView.swift in Sources */ = {isa = PBXBuildFile; fileRef = EA10AF712CFF9F41000BA431 /* HymnDetailView.swift */; };
		EA10AFA52CFF9F41000BA431 /* ResponsiveReading.swift in Sources */ = {isa = PBXBuildFile; fileRef = EA10AF512CFF9F41000BA431 /* ResponsiveReading.swift */; };
		EA10AFA62CFF9F41000BA431 /* LaunchIconPreviewView.swift in Sources */ = {isa = PBXBuildFile; fileRef = EA10AF742CFF9F41000BA431 /* LaunchIconPreviewView.swift */; };
		EA10AFA72CFF9F41000BA431 /* SplashScreenView.swift in Sources */ = {isa = PBXBuildFile; fileRef = EA10AF822CFF9F41000BA431 /* SplashScreenView.swift */; };
		EA10AFA82CFF9F41000BA431 /* SplashScreenPreviewView.swift in Sources */ = {isa = PBXBuildFile; fileRef = EA10AF812CFF9F41000BA431 /* SplashScreenPreviewView.swift */; };
		EA10AFA92CFF9F41000BA431 /* ResponsiveReadingService.swift in Sources */ = {isa = PBXBuildFile; fileRef = EA10AF5F2CFF9F41000BA431 /* ResponsiveReadingService.swift */; };
		EA10AFAA2CFF9F41000BA431 /* LaunchScreenView.swift in Sources */ = {isa = PBXBuildFile; fileRef = EA10AF752CFF9F41000BA431 /* LaunchScreenView.swift */; };
		EA10AFAB2CFF9F41000BA431 /* PlaybackButton.swift in Sources */ = {isa = PBXBuildFile; fileRef = EA10AF662CFF9F41000BA431 /* PlaybackButton.swift */; };
		EA10AFAC2CFF9F41000BA431 /* SheetMusicView.swift in Sources */ = {isa = PBXBuildFile; fileRef = EA10AF802CFF9F41000BA431 /* SheetMusicView.swift */; };
		EA10AFAD2CFF9F41000BA431 /* NowPlayingView.swift in Sources */ = {isa = PBXBuildFile; fileRef = EA10AF7A2CFF9F41000BA431 /* NowPlayingView.swift */; };
		EA10AFAE2CFF9F41000BA431 /* IndexView.swift in Sources */ = {isa = PBXBuildFile; fileRef = EA10AF732CFF9F41000BA431 /* IndexView.swift */; };
		EA10AFAF2CFF9F41000BA431 /* AudioService.swift in Sources */ = {isa = PBXBuildFile; fileRef = EA10AF5C2CFF9F41000BA431 /* AudioService.swift */; };
		EA10AFB02CFF9F41000BA431 /* HymnalType.swift in Sources */ = {isa = PBXBuildFile; fileRef = EA10AF4F2CFF9F41000BA431 /* HymnalType.swift */; };
		EA10AFB12CFF9F41000BA431 /* LegalView.swift in Sources */ = {isa = PBXBuildFile; fileRef = EA10AF762CFF9F41000BA431 /* LegalView.swift */; };
		EA10AFB22CFF9F41000BA431 /* ThematicListView.swift in Sources */ = {isa = PBXBuildFile; fileRef = EA10AF842CFF9F41000BA431 /* ThematicListView.swift */; };
		EA10AFB32CFF9F41000BA431 /* ThematicIndexContent.swift in Sources */ = {isa = PBXBuildFile; fileRef = EA10AF832CFF9F41000BA431 /* ThematicIndexContent.swift */; };
		EA10AFB42CFF9F41000BA431 /* ThemeManager.swift in Sources */ = {isa = PBXBuildFile; fileRef = EA10AF642CFF9F41000BA431 /* ThemeManager.swift */; };
		EA10AFB52CFF9F41000BA431 /* MiniPlayerView.swift in Sources */ = {isa = PBXBuildFile; fileRef = EA10AF792CFF9F41000BA431 /* MiniPlayerView.swift */; };
		EA10AFB62CFF9F41000BA431 /* RecordsView.swift in Sources */ = {isa = PBXBuildFile; fileRef = EA10AF7C2CFF9F41000BA431 /* RecordsView.swift */; };
		EA10AFB72CFF9F41000BA431 /* HymnListView.swift in Sources */ = {isa = PBXBuildFile; fileRef = EA10AF722CFF9F41000BA431 /* HymnListView.swift */; };
		EA10AFBD2CFF9F41000BA431 /* Launch Screen.storyboard in Resources */ = {isa = PBXBuildFile; fileRef = EA10AF882CFF9F41000BA431 /* Launch Screen.storyboard */; };
		EA10AFBE2CFF9F41000BA431 /* Assets.xcassets in Resources */ = {isa = PBXBuildFile; fileRef = EA10AF862CFF9F41000BA431 /* Assets.xcassets */; };
		EA10AFBF2CFF9F41000BA431 /* Preview Assets.xcassets in Resources */ = {isa = PBXBuildFile; fileRef = EA10AF532CFF9F41000BA431 /* Preview Assets.xcassets */; };
		EA10AFC02CFF9F41000BA431 /* MainTabView.swift.bak in Resources */ = {isa = PBXBuildFile; fileRef = EA10AF782CFF9F41000BA431 /* MainTabView.swift.bak */; };
		EA10AFCB2CFFE13B000BA431 /* CacheService.swift in Sources */ = {isa = PBXBuildFile; fileRef = EA10AFCA2CFFE13B000BA431 /* CacheService.swift */; };
		EA10AFCD2CFFF560000BA431 /* LyricsView.swift in Sources */ = {isa = PBXBuildFile; fileRef = EA10AFCC2CFFF560000BA431 /* LyricsView.swift */; };
		EA10AFCF2D00F345000BA431 /* DataService.swift in Sources */ = {isa = PBXBuildFile; fileRef = EA10AFCE2D00F345000BA431 /* DataService.swift */; };
		EA10AFD12D00F357000BA431 /* DatabaseService.swift in Sources */ = {isa = PBXBuildFile; fileRef = EA10AFD02D00F357000BA431 /* DatabaseService.swift */; };
		EA10AFD32D00F3D5000BA431 /* RecentHymnsManager.swift in Sources */ = {isa = PBXBuildFile; fileRef = EA10AFD22D00F3D5000BA431 /* RecentHymnsManager.swift */; };
		EA10AFD52D011C20000BA431 /* ThematicList.swift in Sources */ = {isa = PBXBuildFile; fileRef = EA10AFD42D011C20000BA431 /* ThematicList.swift */; };
		EA10AFD92D0120DE000BA431 /* ThematicIndexViewModel.swift in Sources */ = {isa = PBXBuildFile; fileRef = EA10AFD72D0120DE000BA431 /* ThematicIndexViewModel.swift */; };
		EA10AFDA2D0120DE000BA431 /* IndexViewModel.swift in Sources */ = {isa = PBXBuildFile; fileRef = EA10AFD62D0120DE000BA431 /* IndexViewModel.swift */; };
		EA10AFDC2D012210000BA431 /* ThematicListDetailView.swift in Sources */ = {isa = PBXBuildFile; fileRef = EA10AFDB2D012210000BA431 /* ThematicListDetailView.swift */; };
		EA10AFE12D0127CD000BA431 /* ErrorView.swift in Sources */ = {isa = PBXBuildFile; fileRef = EA10AFE02D0127CD000BA431 /* ErrorView.swift */; };
		EA10AFE52D013864000BA431 /* hymnarium.db in Resources */ = {isa = PBXBuildFile; fileRef = EA10AFE42D013864000BA431 /* hymnarium.db */; };
		EACA369B2D48819C000FF97B /* AdventistHymnariumApp.swift in Sources */ = {isa = PBXBuildFile; fileRef = EACA369A2D48819C000FF97B /* AdventistHymnariumApp.swift */; };
		EACA36A32D488514000FF97B /* StorageService.swift in Sources */ = {isa = PBXBuildFile; fileRef = EACA36A22D488514000FF97B /* StorageService.swift */; };
/* End PBXBuildFile section */

/* Begin PBXContainerItemProxy section */
		EA0B9CCF2CF94DFB00CD75C8 /* PBXContainerItemProxy */ = {
			isa = PBXContainerItemProxy;
			containerPortal = EA0B9CB62CF94DFA00CD75C8 /* Project object */;
			proxyType = 1;
			remoteGlobalIDString = EA0B9CBD2CF94DFA00CD75C8;
			remoteInfo = "SDA Hymnal";
		};
		EA0B9CD92CF94DFB00CD75C8 /* PBXContainerItemProxy */ = {
			isa = PBXContainerItemProxy;
			containerPortal = EA0B9CB62CF94DFA00CD75C8 /* Project object */;
			proxyType = 1;
			remoteGlobalIDString = EA0B9CBD2CF94DFA00CD75C8;
			remoteInfo = "SDA Hymnal";
		};
/* End PBXContainerItemProxy section */

/* Begin PBXFileReference section */
		EA0B9CBE2CF94DFA00CD75C8 /* Adventist Hymnarium.app */ = {isa = PBXFileReference; explicitFileType = wrapper.application; includeInIndex = 0; path = "Adventist Hymnarium.app"; sourceTree = BUILT_PRODUCTS_DIR; };
		EA0B9CCE2CF94DFB00CD75C8 /* Adventist HymnariumTests.xctest */ = {isa = PBXFileReference; explicitFileType = wrapper.cfbundle; includeInIndex = 0; path = "Adventist HymnariumTests.xctest"; sourceTree = BUILT_PRODUCTS_DIR; };
		EA0B9CD82CF94DFB00CD75C8 /* Adventist HymnariumUITests.xctest */ = {isa = PBXFileReference; explicitFileType = wrapper.cfbundle; includeInIndex = 0; path = "Adventist HymnariumUITests.xctest"; sourceTree = BUILT_PRODUCTS_DIR; };
		EA10AF482CFF9F41000BA431 /* AppDefaults.swift */ = {isa = PBXFileReference; lastKnownFileType = sourcecode.swift; path = AppDefaults.swift; sourceTree = "<group>"; };
		EA10AF4A2CFF9F41000BA431 /* Bundle+DisplayName.swift */ = {isa = PBXFileReference; lastKnownFileType = sourcecode.swift; path = "Bundle+DisplayName.swift"; sourceTree = "<group>"; };
		EA10AF4B2CFF9F41000BA431 /* Font+Scaling.swift */ = {isa = PBXFileReference; lastKnownFileType = sourcecode.swift; path = "Font+Scaling.swift"; sourceTree = "<group>"; };
		EA10AF4D2CFF9F41000BA431 /* Hymn.swift */ = {isa = PBXFileReference; lastKnownFileType = sourcecode.swift; path = Hymn.swift; sourceTree = "<group>"; };
		EA10AF4E2CFF9F41000BA431 /* HymnalLanguage.swift */ = {isa = PBXFileReference; lastKnownFileType = sourcecode.swift; path = HymnalLanguage.swift; sourceTree = "<group>"; };
		EA10AF4F2CFF9F41000BA431 /* HymnalType.swift */ = {isa = PBXFileReference; lastKnownFileType = sourcecode.swift; path = HymnalType.swift; sourceTree = "<group>"; };
		EA10AF502CFF9F41000BA431 /* HymnSheet.swift */ = {isa = PBXFileReference; lastKnownFileType = sourcecode.swift; path = HymnSheet.swift; sourceTree = "<group>"; };
		EA10AF512CFF9F41000BA431 /* ResponsiveReading.swift */ = {isa = PBXFileReference; lastKnownFileType = sourcecode.swift; path = ResponsiveReading.swift; sourceTree = "<group>"; };
		EA10AF532CFF9F41000BA431 /* Preview Assets.xcassets */ = {isa = PBXFileReference; lastKnownFileType = folder.assetcatalog; path = "Preview Assets.xcassets"; sourceTree = "<group>"; };
		EA10AF552CFF9F41000BA431 /* new-hymnal-en.json */ = {isa = PBXFileReference; lastKnownFileType = text.json; path = "new-hymnal-en.json"; sourceTree = "<group>"; };
		EA10AF562CFF9F41000BA431 /* new-hymnal-thematic-list-en.json */ = {isa = PBXFileReference; lastKnownFileType = text.json; path = "new-hymnal-thematic-list-en.json"; sourceTree = "<group>"; };
		EA10AF572CFF9F41000BA431 /* old-hymnal-en.json */ = {isa = PBXFileReference; lastKnownFileType = text.json; path = "old-hymnal-en.json"; sourceTree = "<group>"; };
		EA10AF582CFF9F41000BA431 /* old-hymnal-thematic-list-en.json */ = {isa = PBXFileReference; lastKnownFileType = text.json; path = "old-hymnal-thematic-list-en.json"; sourceTree = "<group>"; };
		EA10AF5A2CFF9F41000BA431 /* responsive_readings.json */ = {isa = PBXFileReference; lastKnownFileType = text.json; path = responsive_readings.json; sourceTree = "<group>"; };
		EA10AF5C2CFF9F41000BA431 /* AudioService.swift */ = {isa = PBXFileReference; lastKnownFileType = sourcecode.swift; path = AudioService.swift; sourceTree = "<group>"; };
		EA10AF5D2CFF9F41000BA431 /* HymnalService.swift */ = {isa = PBXFileReference; lastKnownFileType = sourcecode.swift; path = HymnalService.swift; sourceTree = "<group>"; };
		EA10AF5E2CFF9F41000BA431 /* PDFService.swift */ = {isa = PBXFileReference; lastKnownFileType = sourcecode.swift; path = PDFService.swift; sourceTree = "<group>"; };
		EA10AF5F2CFF9F41000BA431 /* ResponsiveReadingService.swift */ = {isa = PBXFileReference; lastKnownFileType = sourcecode.swift; path = ResponsiveReadingService.swift; sourceTree = "<group>"; };
		EA10AF602CFF9F41000BA431 /* ScreenService.swift */ = {isa = PBXFileReference; lastKnownFileType = sourcecode.swift; path = ScreenService.swift; sourceTree = "<group>"; };
		EA10AF612CFF9F41000BA431 /* SheetMusicService.swift */ = {isa = PBXFileReference; lastKnownFileType = sourcecode.swift; path = SheetMusicService.swift; sourceTree = "<group>"; };
		EA10AF632CFF9F41000BA431 /* AppTheme.swift */ = {isa = PBXFileReference; lastKnownFileType = sourcecode.swift; path = AppTheme.swift; sourceTree = "<group>"; };
		EA10AF642CFF9F41000BA431 /* ThemeManager.swift */ = {isa = PBXFileReference; lastKnownFileType = sourcecode.swift; path = ThemeManager.swift; sourceTree = "<group>"; };
		EA10AF662CFF9F41000BA431 /* PlaybackButton.swift */ = {isa = PBXFileReference; lastKnownFileType = sourcecode.swift; path = PlaybackButton.swift; sourceTree = "<group>"; };
		EA10AF682CFF9F41000BA431 /* AlphabeticalIndexView.swift */ = {isa = PBXFileReference; lastKnownFileType = sourcecode.swift; path = AlphabeticalIndexView.swift; sourceTree = "<group>"; };
		EA10AF692CFF9F41000BA431 /* NumericalIndexView.swift */ = {isa = PBXFileReference; lastKnownFileType = sourcecode.swift; path = NumericalIndexView.swift; sourceTree = "<group>"; };
		EA10AF6B2CFF9F41000BA431 /* AudioSettingsView.swift */ = {isa = PBXFileReference; lastKnownFileType = sourcecode.swift; path = AudioSettingsView.swift; sourceTree = "<group>"; };
		EA10AF6D2CFF9F41000BA431 /* AppIconPreviewView.swift */ = {isa = PBXFileReference; lastKnownFileType = sourcecode.swift; path = AppIconPreviewView.swift; sourceTree = "<group>"; };
		EA10AF6E2CFF9F41000BA431 /* FavoriteReadingsView.swift */ = {isa = PBXFileReference; lastKnownFileType = sourcecode.swift; path = FavoriteReadingsView.swift; sourceTree = "<group>"; };
		EA10AF6F2CFF9F41000BA431 /* FavoritesView.swift */ = {isa = PBXFileReference; lastKnownFileType = sourcecode.swift; path = FavoritesView.swift; sourceTree = "<group>"; };
		EA10AF702CFF9F41000BA431 /* HistoryView.swift */ = {isa = PBXFileReference; lastKnownFileType = sourcecode.swift; path = HistoryView.swift; sourceTree = "<group>"; };
		EA10AF712CFF9F41000BA431 /* HymnDetailView.swift */ = {isa = PBXFileReference; lastKnownFileType = sourcecode.swift; path = HymnDetailView.swift; sourceTree = "<group>"; };
		EA10AF722CFF9F41000BA431 /* HymnListView.swift */ = {isa = PBXFileReference; lastKnownFileType = sourcecode.swift; path = HymnListView.swift; sourceTree = "<group>"; };
		EA10AF732CFF9F41000BA431 /* IndexView.swift */ = {isa = PBXFileReference; lastKnownFileType = sourcecode.swift; path = IndexView.swift; sourceTree = "<group>"; };
		EA10AF742CFF9F41000BA431 /* LaunchIconPreviewView.swift */ = {isa = PBXFileReference; lastKnownFileType = sourcecode.swift; path = LaunchIconPreviewView.swift; sourceTree = "<group>"; };
		EA10AF752CFF9F41000BA431 /* LaunchScreenView.swift */ = {isa = PBXFileReference; lastKnownFileType = sourcecode.swift; path = LaunchScreenView.swift; sourceTree = "<group>"; };
		EA10AF762CFF9F41000BA431 /* LegalView.swift */ = {isa = PBXFileReference; lastKnownFileType = sourcecode.swift; path = LegalView.swift; sourceTree = "<group>"; };
		EA10AF772CFF9F41000BA431 /* MainTabView.swift */ = {isa = PBXFileReference; lastKnownFileType = sourcecode.swift; path = MainTabView.swift; sourceTree = "<group>"; };
		EA10AF782CFF9F41000BA431 /* MainTabView.swift.bak */ = {isa = PBXFileReference; lastKnownFileType = text; path = MainTabView.swift.bak; sourceTree = "<group>"; };
		EA10AF792CFF9F41000BA431 /* MiniPlayerView.swift */ = {isa = PBXFileReference; lastKnownFileType = sourcecode.swift; path = MiniPlayerView.swift; sourceTree = "<group>"; };
		EA10AF7A2CFF9F41000BA431 /* NowPlayingView.swift */ = {isa = PBXFileReference; lastKnownFileType = sourcecode.swift; path = NowPlayingView.swift; sourceTree = "<group>"; };
		EA10AF7B2CFF9F41000BA431 /* NumberPadView.swift */ = {isa = PBXFileReference; lastKnownFileType = sourcecode.swift; path = NumberPadView.swift; sourceTree = "<group>"; };
		EA10AF7C2CFF9F41000BA431 /* RecordsView.swift */ = {isa = PBXFileReference; lastKnownFileType = sourcecode.swift; path = RecordsView.swift; sourceTree = "<group>"; };
		EA10AF7D2CFF9F41000BA431 /* ResponsiveReadingView.swift */ = {isa = PBXFileReference; lastKnownFileType = sourcecode.swift; path = ResponsiveReadingView.swift; sourceTree = "<group>"; };
		EA10AF7E2CFF9F41000BA431 /* SearchView.swift */ = {isa = PBXFileReference; lastKnownFileType = sourcecode.swift; path = SearchView.swift; sourceTree = "<group>"; };
		EA10AF7F2CFF9F41000BA431 /* SettingsView.swift */ = {isa = PBXFileReference; lastKnownFileType = sourcecode.swift; path = SettingsView.swift; sourceTree = "<group>"; };
		EA10AF802CFF9F41000BA431 /* SheetMusicView.swift */ = {isa = PBXFileReference; lastKnownFileType = sourcecode.swift; path = SheetMusicView.swift; sourceTree = "<group>"; };
		EA10AF812CFF9F41000BA431 /* SplashScreenPreviewView.swift */ = {isa = PBXFileReference; lastKnownFileType = sourcecode.swift; path = SplashScreenPreviewView.swift; sourceTree = "<group>"; };
		EA10AF822CFF9F41000BA431 /* SplashScreenView.swift */ = {isa = PBXFileReference; lastKnownFileType = sourcecode.swift; path = SplashScreenView.swift; sourceTree = "<group>"; };
		EA10AF832CFF9F41000BA431 /* ThematicIndexContent.swift */ = {isa = PBXFileReference; lastKnownFileType = sourcecode.swift; path = ThematicIndexContent.swift; sourceTree = "<group>"; };
		EA10AF842CFF9F41000BA431 /* ThematicListView.swift */ = {isa = PBXFileReference; lastKnownFileType = sourcecode.swift; path = ThematicListView.swift; sourceTree = "<group>"; };
		EA10AF862CFF9F41000BA431 /* Assets.xcassets */ = {isa = PBXFileReference; lastKnownFileType = folder.assetcatalog; path = Assets.xcassets; sourceTree = "<group>"; };
		EA10AF882CFF9F41000BA431 /* Launch Screen.storyboard */ = {isa = PBXFileReference; lastKnownFileType = file.storyboard; path = "Launch Screen.storyboard"; sourceTree = "<group>"; };
		EA10AFCA2CFFE13B000BA431 /* CacheService.swift */ = {isa = PBXFileReference; lastKnownFileType = sourcecode.swift; path = CacheService.swift; sourceTree = "<group>"; };
		EA10AFCC2CFFF560000BA431 /* LyricsView.swift */ = {isa = PBXFileReference; lastKnownFileType = sourcecode.swift; path = LyricsView.swift; sourceTree = "<group>"; };
		EA10AFCE2D00F345000BA431 /* DataService.swift */ = {isa = PBXFileReference; lastKnownFileType = sourcecode.swift; path = DataService.swift; sourceTree = "<group>"; };
		EA10AFD02D00F357000BA431 /* DatabaseService.swift */ = {isa = PBXFileReference; lastKnownFileType = sourcecode.swift; path = DatabaseService.swift; sourceTree = "<group>"; };
		EA10AFD22D00F3D5000BA431 /* RecentHymnsManager.swift */ = {isa = PBXFileReference; lastKnownFileType = sourcecode.swift; path = RecentHymnsManager.swift; sourceTree = "<group>"; };
		EA10AFD42D011C20000BA431 /* ThematicList.swift */ = {isa = PBXFileReference; lastKnownFileType = sourcecode.swift; path = ThematicList.swift; sourceTree = "<group>"; };
		EA10AFD62D0120DE000BA431 /* IndexViewModel.swift */ = {isa = PBXFileReference; lastKnownFileType = sourcecode.swift; path = IndexViewModel.swift; sourceTree = "<group>"; };
		EA10AFD72D0120DE000BA431 /* ThematicIndexViewModel.swift */ = {isa = PBXFileReference; lastKnownFileType = sourcecode.swift; path = ThematicIndexViewModel.swift; sourceTree = "<group>"; };
		EA10AFDB2D012210000BA431 /* ThematicListDetailView.swift */ = {isa = PBXFileReference; lastKnownFileType = sourcecode.swift; path = ThematicListDetailView.swift; sourceTree = "<group>"; };
		EA10AFE02D0127CD000BA431 /* ErrorView.swift */ = {isa = PBXFileReference; lastKnownFileType = sourcecode.swift; path = ErrorView.swift; sourceTree = "<group>"; };
		EA10AFE42D013864000BA431 /* hymnarium.db */ = {isa = PBXFileReference; lastKnownFileType = file; name = hymnarium.db; path = src/Resources/hymnarium.db; sourceTree = "<group>"; };
		EACA369A2D48819C000FF97B /* AdventistHymnariumApp.swift */ = {isa = PBXFileReference; lastKnownFileType = sourcecode.swift; path = AdventistHymnariumApp.swift; sourceTree = "<group>"; };
		EACA36A22D488514000FF97B /* StorageService.swift */ = {isa = PBXFileReference; lastKnownFileType = sourcecode.swift; path = StorageService.swift; sourceTree = "<group>"; };
/* End PBXFileReference section */

/* Begin PBXFrameworksBuildPhase section */
		EA0B9CBB2CF94DFA00CD75C8 /* Frameworks */ = {
			isa = PBXFrameworksBuildPhase;
			buildActionMask = 2147483647;
			files = (
			);
			runOnlyForDeploymentPostprocessing = 0;
		};
		EA0B9CCB2CF94DFB00CD75C8 /* Frameworks */ = {
			isa = PBXFrameworksBuildPhase;
			buildActionMask = 2147483647;
			files = (
			);
			runOnlyForDeploymentPostprocessing = 0;
		};
		EA0B9CD52CF94DFB00CD75C8 /* Frameworks */ = {
			isa = PBXFrameworksBuildPhase;
			buildActionMask = 2147483647;
			files = (
			);
			runOnlyForDeploymentPostprocessing = 0;
		};
/* End PBXFrameworksBuildPhase section */

/* Begin PBXGroup section */
		EA0B9CB52CF94DFA00CD75C8 = {
			isa = PBXGroup;
			children = (
				EA10AF8A2CFF9F41000BA431 /* src */,
				EA0B9CBF2CF94DFA00CD75C8 /* Products */,
				EA10AFE42D013864000BA431 /* hymnarium.db */,
			);
			sourceTree = "<group>";
		};
		EA0B9CBF2CF94DFA00CD75C8 /* Products */ = {
			isa = PBXGroup;
			children = (
				EA0B9CBE2CF94DFA00CD75C8 /* Adventist Hymnarium.app */,
				EA0B9CCE2CF94DFB00CD75C8 /* Adventist HymnariumTests.xctest */,
				EA0B9CD82CF94DFB00CD75C8 /* Adventist HymnariumUITests.xctest */,
			);
			name = Products;
			sourceTree = "<group>";
		};
		EA10AF492CFF9F41000BA431 /* Constants */ = {
			isa = PBXGroup;
			children = (
				EA10AF482CFF9F41000BA431 /* AppDefaults.swift */,
			);
			path = Constants;
			sourceTree = "<group>";
		};
		EA10AF4C2CFF9F41000BA431 /* Extensions */ = {
			isa = PBXGroup;
			children = (
				EA10AF4A2CFF9F41000BA431 /* Bundle+DisplayName.swift */,
				EA10AF4B2CFF9F41000BA431 /* Font+Scaling.swift */,
			);
			path = Extensions;
			sourceTree = "<group>";
		};
		EA10AF522CFF9F41000BA431 /* Models */ = {
			isa = PBXGroup;
			children = (
				EA10AF4D2CFF9F41000BA431 /* Hymn.swift */,
				EA10AF4E2CFF9F41000BA431 /* HymnalLanguage.swift */,
				EA10AF4F2CFF9F41000BA431 /* HymnalType.swift */,
				EA10AF502CFF9F41000BA431 /* HymnSheet.swift */,
				EA10AF512CFF9F41000BA431 /* ResponsiveReading.swift */,
				EA10AFD42D011C20000BA431 /* ThematicList.swift */,
			);
			path = Models;
			sourceTree = "<group>";
		};
		EA10AF542CFF9F41000BA431 /* Preview Content */ = {
			isa = PBXGroup;
			children = (
				EA10AF532CFF9F41000BA431 /* Preview Assets.xcassets */,
			);
			path = "Preview Content";
			sourceTree = "<group>";
		};
		EA10AF592CFF9F41000BA431 /* Assets */ = {
			isa = PBXGroup;
			children = (
				EA10AF552CFF9F41000BA431 /* new-hymnal-en.json */,
				EA10AF562CFF9F41000BA431 /* new-hymnal-thematic-list-en.json */,
				EA10AF572CFF9F41000BA431 /* old-hymnal-en.json */,
				EA10AF582CFF9F41000BA431 /* old-hymnal-thematic-list-en.json */,
			);
			path = Assets;
			sourceTree = "<group>";
		};
		EA10AF5B2CFF9F41000BA431 /* Resources */ = {
			isa = PBXGroup;
			children = (
				EA10AF592CFF9F41000BA431 /* Assets */,
				EA10AF5A2CFF9F41000BA431 /* responsive_readings.json */,
			);
			path = Resources;
			sourceTree = "<group>";
		};
		EA10AF622CFF9F41000BA431 /* Services */ = {
			isa = PBXGroup;
			children = (
				EA10AF5C2CFF9F41000BA431 /* AudioService.swift */,
				EA10AF5D2CFF9F41000BA431 /* HymnalService.swift */,
				EA10AF5E2CFF9F41000BA431 /* PDFService.swift */,
				EACA36A22D488514000FF97B /* StorageService.swift */,
				EA10AF5F2CFF9F41000BA431 /* ResponsiveReadingService.swift */,
				EA10AF602CFF9F41000BA431 /* ScreenService.swift */,
				EA10AF612CFF9F41000BA431 /* SheetMusicService.swift */,
				EA10AFCA2CFFE13B000BA431 /* CacheService.swift */,
				EA10AFCE2D00F345000BA431 /* DataService.swift */,
				EA10AFD02D00F357000BA431 /* DatabaseService.swift */,
				EA10AFD22D00F3D5000BA431 /* RecentHymnsManager.swift */,
				EA10AFDE2D01234A000BA431 /* Protocols */,
			);
			path = Services;
			sourceTree = "<group>";
		};
		EA10AF652CFF9F41000BA431 /* Theme */ = {
			isa = PBXGroup;
			children = (
				EA10AF632CFF9F41000BA431 /* AppTheme.swift */,
				EA10AF642CFF9F41000BA431 /* ThemeManager.swift */,
			);
			path = Theme;
			sourceTree = "<group>";
		};
		EA10AF672CFF9F41000BA431 /* Components */ = {
			isa = PBXGroup;
			children = (
				EA10AF662CFF9F41000BA431 /* PlaybackButton.swift */,
				EA10AFCC2CFFF560000BA431 /* LyricsView.swift */,
				EA10AFE02D0127CD000BA431 /* ErrorView.swift */,
			);
			path = Components;
			sourceTree = "<group>";
		};
		EA10AF6A2CFF9F41000BA431 /* Index */ = {
			isa = PBXGroup;
			children = (
				EA10AF682CFF9F41000BA431 /* AlphabeticalIndexView.swift */,
				EA10AF692CFF9F41000BA431 /* NumericalIndexView.swift */,
			);
			path = Index;
			sourceTree = "<group>";
		};
		EA10AF6C2CFF9F41000BA431 /* Settings */ = {
			isa = PBXGroup;
			children = (
				EA10AF6B2CFF9F41000BA431 /* AudioSettingsView.swift */,
			);
			path = Settings;
			sourceTree = "<group>";
		};
		EA10AF852CFF9F41000BA431 /* Views */ = {
			isa = PBXGroup;
			children = (
				EA10AFD82D0120DE000BA431 /* ViewModels */,
				EA10AF672CFF9F41000BA431 /* Components */,
				EA10AF6A2CFF9F41000BA431 /* Index */,
				EA10AF6C2CFF9F41000BA431 /* Settings */,
				EA10AF6D2CFF9F41000BA431 /* AppIconPreviewView.swift */,
				EA10AF6E2CFF9F41000BA431 /* FavoriteReadingsView.swift */,
				EA10AF6F2CFF9F41000BA431 /* FavoritesView.swift */,
				EA10AF702CFF9F41000BA431 /* HistoryView.swift */,
				EA10AF712CFF9F41000BA431 /* HymnDetailView.swift */,
				EA10AF722CFF9F41000BA431 /* HymnListView.swift */,
				EA10AF732CFF9F41000BA431 /* IndexView.swift */,
				EA10AF742CFF9F41000BA431 /* LaunchIconPreviewView.swift */,
				EA10AF752CFF9F41000BA431 /* LaunchScreenView.swift */,
				EA10AF762CFF9F41000BA431 /* LegalView.swift */,
				EA10AF772CFF9F41000BA431 /* MainTabView.swift */,
				EA10AF782CFF9F41000BA431 /* MainTabView.swift.bak */,
				EA10AF792CFF9F41000BA431 /* MiniPlayerView.swift */,
				EA10AF7A2CFF9F41000BA431 /* NowPlayingView.swift */,
				EA10AF7B2CFF9F41000BA431 /* NumberPadView.swift */,
				EA10AF7C2CFF9F41000BA431 /* RecordsView.swift */,
				EA10AF7D2CFF9F41000BA431 /* ResponsiveReadingView.swift */,
				EA10AF7E2CFF9F41000BA431 /* SearchView.swift */,
				EA10AF7F2CFF9F41000BA431 /* SettingsView.swift */,
				EA10AF802CFF9F41000BA431 /* SheetMusicView.swift */,
				EA10AF812CFF9F41000BA431 /* SplashScreenPreviewView.swift */,
				EA10AF822CFF9F41000BA431 /* SplashScreenView.swift */,
				EA10AF832CFF9F41000BA431 /* ThematicIndexContent.swift */,
				EA10AF842CFF9F41000BA431 /* ThematicListView.swift */,
				EA10AFDB2D012210000BA431 /* ThematicListDetailView.swift */,
			);
			path = Views;
			sourceTree = "<group>";
		};
		EA10AF8A2CFF9F41000BA431 /* src */ = {
			isa = PBXGroup;
			children = (
				EA10AF492CFF9F41000BA431 /* Constants */,
				EA10AF4C2CFF9F41000BA431 /* Extensions */,
				EA10AF522CFF9F41000BA431 /* Models */,
				EA10AF542CFF9F41000BA431 /* Preview Content */,
				EA10AF5B2CFF9F41000BA431 /* Resources */,
				EA10AF622CFF9F41000BA431 /* Services */,
				EA10AF652CFF9F41000BA431 /* Theme */,
				EA10AF852CFF9F41000BA431 /* Views */,
				EA10AF862CFF9F41000BA431 /* Assets.xcassets */,
				EA10AF882CFF9F41000BA431 /* Launch Screen.storyboard */,
				EACA369A2D48819C000FF97B /* AdventistHymnariumApp.swift */,
			);
			path = src;
			sourceTree = "<group>";
		};
		EA10AFD82D0120DE000BA431 /* ViewModels */ = {
			isa = PBXGroup;
			children = (
				EA10AFD62D0120DE000BA431 /* IndexViewModel.swift */,
				EA10AFD72D0120DE000BA431 /* ThematicIndexViewModel.swift */,
			);
			name = ViewModels;
			path = src/ViewModels;
			sourceTree = SOURCE_ROOT;
		};
		EA10AFDE2D01234A000BA431 /* Protocols */ = {
			isa = PBXGroup;
			children = (
			);
			path = Protocols;
			sourceTree = "<group>";
		};
/* End PBXGroup section */

/* Begin PBXNativeTarget section */
		EA0B9CBD2CF94DFA00CD75C8 /* Adventist Hymnarium */ = {
			isa = PBXNativeTarget;
			buildConfigurationList = EA0B9CE22CF94DFB00CD75C8 /* Build configuration list for PBXNativeTarget "Adventist Hymnarium" */;
			buildPhases = (
				EA0B9CBA2CF94DFA00CD75C8 /* Sources */,
				EA0B9CBB2CF94DFA00CD75C8 /* Frameworks */,
				EA0B9CBC2CF94DFA00CD75C8 /* Resources */,
			);
			buildRules = (
			);
			dependencies = (
			);
			name = "Adventist Hymnarium";
			packageProductDependencies = (
			);
			productName = "SDA Hymnal";
			productReference = EA0B9CBE2CF94DFA00CD75C8 /* Adventist Hymnarium.app */;
			productType = "com.apple.product-type.application";
		};
		EA0B9CCD2CF94DFB00CD75C8 /* Adventist HymnariumTests */ = {
			isa = PBXNativeTarget;
			buildConfigurationList = EA0B9CE52CF94DFB00CD75C8 /* Build configuration list for PBXNativeTarget "Adventist HymnariumTests" */;
			buildPhases = (
				EA0B9CCA2CF94DFB00CD75C8 /* Sources */,
				EA0B9CCB2CF94DFB00CD75C8 /* Frameworks */,
				EA0B9CCC2CF94DFB00CD75C8 /* Resources */,
			);
			buildRules = (
			);
			dependencies = (
				EA0B9CD02CF94DFB00CD75C8 /* PBXTargetDependency */,
			);
			name = "Adventist HymnariumTests";
			packageProductDependencies = (
			);
			productName = "SDA HymnalTests";
			productReference = EA0B9CCE2CF94DFB00CD75C8 /* Adventist HymnariumTests.xctest */;
			productType = "com.apple.product-type.bundle.unit-test";
		};
		EA0B9CD72CF94DFB00CD75C8 /* Adventist HymnariumUITests */ = {
			isa = PBXNativeTarget;
			buildConfigurationList = EA0B9CE82CF94DFB00CD75C8 /* Build configuration list for PBXNativeTarget "Adventist HymnariumUITests" */;
			buildPhases = (
				EA0B9CD42CF94DFB00CD75C8 /* Sources */,
				EA0B9CD52CF94DFB00CD75C8 /* Frameworks */,
				EA0B9CD62CF94DFB00CD75C8 /* Resources */,
			);
			buildRules = (
			);
			dependencies = (
				EA0B9CDA2CF94DFB00CD75C8 /* PBXTargetDependency */,
			);
			name = "Adventist HymnariumUITests";
			packageProductDependencies = (
			);
			productName = "SDA HymnalUITests";
			productReference = EA0B9CD82CF94DFB00CD75C8 /* Adventist HymnariumUITests.xctest */;
			productType = "com.apple.product-type.bundle.ui-testing";
		};
/* End PBXNativeTarget section */

/* Begin PBXProject section */
		EA0B9CB62CF94DFA00CD75C8 /* Project object */ = {
			isa = PBXProject;
			attributes = {
				BuildIndependentTargetsInParallel = 1;
				LastSwiftUpdateCheck = 1610;
				LastUpgradeCheck = 1610;
				TargetAttributes = {
					EA0B9CBD2CF94DFA00CD75C8 = {
						CreatedOnToolsVersion = 16.1;
					};
					EA0B9CCD2CF94DFB00CD75C8 = {
						CreatedOnToolsVersion = 16.1;
						TestTargetID = EA0B9CBD2CF94DFA00CD75C8;
					};
					EA0B9CD72CF94DFB00CD75C8 = {
						CreatedOnToolsVersion = 16.1;
						TestTargetID = EA0B9CBD2CF94DFA00CD75C8;
					};
				};
			};
			buildConfigurationList = EA0B9CB92CF94DFA00CD75C8 /* Build configuration list for PBXProject "Adventist Hymnarium" */;
			developmentRegion = en;
			hasScannedForEncodings = 0;
			knownRegions = (
				en,
				Base,
			);
			mainGroup = EA0B9CB52CF94DFA00CD75C8;
			minimizedProjectReferenceProxies = 1;
			packageReferences = (
			);
			preferredProjectObjectVersion = 77;
			productRefGroup = EA0B9CBF2CF94DFA00CD75C8 /* Products */;
			projectDirPath = "";
			projectRoot = "";
			targets = (
				EA0B9CBD2CF94DFA00CD75C8 /* Adventist Hymnarium */,
				EA0B9CCD2CF94DFB00CD75C8 /* Adventist HymnariumTests */,
				EA0B9CD72CF94DFB00CD75C8 /* Adventist HymnariumUITests */,
			);
		};
/* End PBXProject section */

/* Begin PBXResourcesBuildPhase section */
		EA0B9CBC2CF94DFA00CD75C8 /* Resources */ = {
			isa = PBXResourcesBuildPhase;
			buildActionMask = 2147483647;
			files = (
				EA10AFBD2CFF9F41000BA431 /* Launch Screen.storyboard in Resources */,
				EA10AFBE2CFF9F41000BA431 /* Assets.xcassets in Resources */,
				EA10AFE52D013864000BA431 /* hymnarium.db in Resources */,
				EA10AFBF2CFF9F41000BA431 /* Preview Assets.xcassets in Resources */,
				EA10AFC02CFF9F41000BA431 /* MainTabView.swift.bak in Resources */,
			);
			runOnlyForDeploymentPostprocessing = 0;
		};
		EA0B9CCC2CF94DFB00CD75C8 /* Resources */ = {
			isa = PBXResourcesBuildPhase;
			buildActionMask = 2147483647;
			files = (
			);
			runOnlyForDeploymentPostprocessing = 0;
		};
		EA0B9CD62CF94DFB00CD75C8 /* Resources */ = {
			isa = PBXResourcesBuildPhase;
			buildActionMask = 2147483647;
			files = (
			);
			runOnlyForDeploymentPostprocessing = 0;
		};
/* End PBXResourcesBuildPhase section */

/* Begin PBXSourcesBuildPhase section */
		EA0B9CBA2CF94DFA00CD75C8 /* Sources */ = {
			isa = PBXSourcesBuildPhase;
			buildActionMask = 2147483647;
			files = (
				EA10AFD52D011C20000BA431 /* ThematicList.swift in Sources */,
				EA10AF8B2CFF9F41000BA431 /* AlphabeticalIndexView.swift in Sources */,
				EA10AF8C2CFF9F41000BA431 /* Hymn.swift in Sources */,
				EA10AF8D2CFF9F41000BA431 /* SearchView.swift in Sources */,
				EA10AF8E2CFF9F41000BA431 /* NumberPadView.swift in Sources */,
				EA10AF8F2CFF9F41000BA431 /* HymnSheet.swift in Sources */,
				EA10AFD12D00F357000BA431 /* DatabaseService.swift in Sources */,
				EA10AF902CFF9F41000BA431 /* AppDefaults.swift in Sources */,
				EA10AF912CFF9F41000BA431 /* ScreenService.swift in Sources */,
				EACA369B2D48819C000FF97B /* AdventistHymnariumApp.swift in Sources */,
				EA10AFCF2D00F345000BA431 /* DataService.swift in Sources */,
				EA10AF922CFF9F41000BA431 /* FavoritesView.swift in Sources */,
				EA10AF932CFF9F41000BA431 /* FavoriteReadingsView.swift in Sources */,
				EACA36A32D488514000FF97B /* StorageService.swift in Sources */,
				EA10AF942CFF9F41000BA431 /* NumericalIndexView.swift in Sources */,
				EA10AF952CFF9F41000BA431 /* AppIconPreviewView.swift in Sources */,
				EA10AF962CFF9F41000BA431 /* SheetMusicService.swift in Sources */,
				EA10AF972CFF9F41000BA431 /* PDFService.swift in Sources */,
				EA10AF982CFF9F41000BA431 /* Font+Scaling.swift in Sources */,
				EA10AF992CFF9F41000BA431 /* HistoryView.swift in Sources */,
				EA10AF9A2CFF9F41000BA431 /* ResponsiveReadingView.swift in Sources */,
				EA10AF9B2CFF9F41000BA431 /* SettingsView.swift in Sources */,
				EA10AF9D2CFF9F41000BA431 /* Bundle+DisplayName.swift in Sources */,
				EA10AF9E2CFF9F41000BA431 /* AudioSettingsView.swift in Sources */,
				EA10AF9F2CFF9F41000BA431 /* AppTheme.swift in Sources */,
				EA10AFA12CFF9F41000BA431 /* HymnalLanguage.swift in Sources */,
				EA10AFA22CFF9F41000BA431 /* MainTabView.swift in Sources */,
				EA10AFA32CFF9F41000BA431 /* HymnalService.swift in Sources */,
				EA10AFA42CFF9F41000BA431 /* HymnDetailView.swift in Sources */,
				EA10AFA52CFF9F41000BA431 /* ResponsiveReading.swift in Sources */,
				EA10AFCD2CFFF560000BA431 /* LyricsView.swift in Sources */,
				EA10AFA62CFF9F41000BA431 /* LaunchIconPreviewView.swift in Sources */,
				EA10AFA72CFF9F41000BA431 /* SplashScreenView.swift in Sources */,
				EA10AFA82CFF9F41000BA431 /* SplashScreenPreviewView.swift in Sources */,
				EA10AFA92CFF9F41000BA431 /* ResponsiveReadingService.swift in Sources */,
				EA10AFCB2CFFE13B000BA431 /* CacheService.swift in Sources */,
				EA10AFAA2CFF9F41000BA431 /* LaunchScreenView.swift in Sources */,
				EA10AFAB2CFF9F41000BA431 /* PlaybackButton.swift in Sources */,
				EA10AFE12D0127CD000BA431 /* ErrorView.swift in Sources */,
				EA10AFAC2CFF9F41000BA431 /* SheetMusicView.swift in Sources */,
				EA10AFAD2CFF9F41000BA431 /* NowPlayingView.swift in Sources */,
				EA10AFAE2CFF9F41000BA431 /* IndexView.swift in Sources */,
				EA10AFAF2CFF9F41000BA431 /* AudioService.swift in Sources */,
				EA10AFB02CFF9F41000BA431 /* HymnalType.swift in Sources */,
				EA10AFB12CFF9F41000BA431 /* LegalView.swift in Sources */,
				EA10AFB22CFF9F41000BA431 /* ThematicListView.swift in Sources */,
				EA10AFB32CFF9F41000BA431 /* ThematicIndexContent.swift in Sources */,
				EA10AFD32D00F3D5000BA431 /* RecentHymnsManager.swift in Sources */,
				EA10AFB42CFF9F41000BA431 /* ThemeManager.swift in Sources */,
				EA10AFB52CFF9F41000BA431 /* MiniPlayerView.swift in Sources */,
				EA10AFB62CFF9F41000BA431 /* RecordsView.swift in Sources */,
				EA10AFDC2D012210000BA431 /* ThematicListDetailView.swift in Sources */,
				EA10AFD92D0120DE000BA431 /* ThematicIndexViewModel.swift in Sources */,
				EA10AFDA2D0120DE000BA431 /* IndexViewModel.swift in Sources */,
				EA10AFB72CFF9F41000BA431 /* HymnListView.swift in Sources */,
			);
			runOnlyForDeploymentPostprocessing = 0;
		};
		EA0B9CCA2CF94DFB00CD75C8 /* Sources */ = {
			isa = PBXSourcesBuildPhase;
			buildActionMask = 2147483647;
			files = (
			);
			runOnlyForDeploymentPostprocessing = 0;
		};
		EA0B9CD42CF94DFB00CD75C8 /* Sources */ = {
			isa = PBXSourcesBuildPhase;
			buildActionMask = 2147483647;
			files = (
			);
			runOnlyForDeploymentPostprocessing = 0;
		};
/* End PBXSourcesBuildPhase section */

/* Begin PBXTargetDependency section */
		EA0B9CD02CF94DFB00CD75C8 /* PBXTargetDependency */ = {
			isa = PBXTargetDependency;
			target = EA0B9CBD2CF94DFA00CD75C8 /* Adventist Hymnarium */;
			targetProxy = EA0B9CCF2CF94DFB00CD75C8 /* PBXContainerItemProxy */;
		};
		EA0B9CDA2CF94DFB00CD75C8 /* PBXTargetDependency */ = {
			isa = PBXTargetDependency;
			target = EA0B9CBD2CF94DFA00CD75C8 /* Adventist Hymnarium */;
			targetProxy = EA0B9CD92CF94DFB00CD75C8 /* PBXContainerItemProxy */;
		};
/* End PBXTargetDependency section */

/* Begin XCBuildConfiguration section */
		EA0B9CE02CF94DFB00CD75C8 /* Debug */ = {
			isa = XCBuildConfiguration;
			buildSettings = {
				ALWAYS_SEARCH_USER_PATHS = NO;
				ASSETCATALOG_COMPILER_GENERATE_SWIFT_ASSET_SYMBOL_EXTENSIONS = YES;
				CLANG_ANALYZER_NONNULL = YES;
				CLANG_ANALYZER_NUMBER_OBJECT_CONVERSION = YES_AGGRESSIVE;
				CLANG_CXX_LANGUAGE_STANDARD = "gnu++20";
				CLANG_ENABLE_MODULES = YES;
				CLANG_ENABLE_OBJC_ARC = YES;
				CLANG_ENABLE_OBJC_WEAK = YES;
				CLANG_WARN_BLOCK_CAPTURE_AUTORELEASING = YES;
				CLANG_WARN_BOOL_CONVERSION = YES;
				CLANG_WARN_COMMA = YES;
				CLANG_WARN_CONSTANT_CONVERSION = YES;
				CLANG_WARN_DEPRECATED_OBJC_IMPLEMENTATIONS = YES;
				CLANG_WARN_DIRECT_OBJC_ISA_USAGE = YES_ERROR;
				CLANG_WARN_DOCUMENTATION_COMMENTS = YES;
				CLANG_WARN_EMPTY_BODY = YES;
				CLANG_WARN_ENUM_CONVERSION = YES;
				CLANG_WARN_INFINITE_RECURSION = YES;
				CLANG_WARN_INT_CONVERSION = YES;
				CLANG_WARN_NON_LITERAL_NULL_CONVERSION = YES;
				CLANG_WARN_OBJC_IMPLICIT_RETAIN_SELF = YES;
				CLANG_WARN_OBJC_LITERAL_CONVERSION = YES;
				CLANG_WARN_OBJC_ROOT_CLASS = YES_ERROR;
				CLANG_WARN_QUOTED_INCLUDE_IN_FRAMEWORK_HEADER = YES;
				CLANG_WARN_RANGE_LOOP_ANALYSIS = YES;
				CLANG_WARN_STRICT_PROTOTYPES = YES;
				CLANG_WARN_SUSPICIOUS_MOVE = YES;
				CLANG_WARN_UNGUARDED_AVAILABILITY = YES_AGGRESSIVE;
				CLANG_WARN_UNREACHABLE_CODE = YES;
				CLANG_WARN__DUPLICATE_METHOD_MATCH = YES;
				COPY_PHASE_STRIP = NO;
				DEBUG_INFORMATION_FORMAT = dwarf;
				ENABLE_STRICT_OBJC_MSGSEND = YES;
				ENABLE_TESTABILITY = YES;
				ENABLE_USER_SCRIPT_SANDBOXING = YES;
				GCC_C_LANGUAGE_STANDARD = gnu17;
				GCC_DYNAMIC_NO_PIC = NO;
				GCC_NO_COMMON_BLOCKS = YES;
				GCC_OPTIMIZATION_LEVEL = 0;
				GCC_PREPROCESSOR_DEFINITIONS = (
					"DEBUG=1",
					"$(inherited)",
				);
				GCC_WARN_64_TO_32_BIT_CONVERSION = YES;
				GCC_WARN_ABOUT_RETURN_TYPE = YES_ERROR;
				GCC_WARN_UNDECLARED_SELECTOR = YES;
				GCC_WARN_UNINITIALIZED_AUTOS = YES_AGGRESSIVE;
				GCC_WARN_UNUSED_FUNCTION = YES;
				GCC_WARN_UNUSED_VARIABLE = YES;
				IPHONEOS_DEPLOYMENT_TARGET = 18.1;
				LOCALIZATION_PREFERS_STRING_CATALOGS = YES;
				MTL_ENABLE_DEBUG_INFO = INCLUDE_SOURCE;
				MTL_FAST_MATH = YES;
				ONLY_ACTIVE_ARCH = YES;
				SDKROOT = iphoneos;
				SWIFT_ACTIVE_COMPILATION_CONDITIONS = "DEBUG $(inherited)";
				SWIFT_OPTIMIZATION_LEVEL = "-Onone";
			};
			name = Debug;
		};
		EA0B9CE12CF94DFB00CD75C8 /* Release */ = {
			isa = XCBuildConfiguration;
			buildSettings = {
				ALWAYS_SEARCH_USER_PATHS = NO;
				ASSETCATALOG_COMPILER_GENERATE_SWIFT_ASSET_SYMBOL_EXTENSIONS = YES;
				CLANG_ANALYZER_NONNULL = YES;
				CLANG_ANALYZER_NUMBER_OBJECT_CONVERSION = YES_AGGRESSIVE;
				CLANG_CXX_LANGUAGE_STANDARD = "gnu++20";
				CLANG_ENABLE_MODULES = YES;
				CLANG_ENABLE_OBJC_ARC = YES;
				CLANG_ENABLE_OBJC_WEAK = YES;
				CLANG_WARN_BLOCK_CAPTURE_AUTORELEASING = YES;
				CLANG_WARN_BOOL_CONVERSION = YES;
				CLANG_WARN_COMMA = YES;
				CLANG_WARN_CONSTANT_CONVERSION = YES;
				CLANG_WARN_DEPRECATED_OBJC_IMPLEMENTATIONS = YES;
				CLANG_WARN_DIRECT_OBJC_ISA_USAGE = YES_ERROR;
				CLANG_WARN_DOCUMENTATION_COMMENTS = YES;
				CLANG_WARN_EMPTY_BODY = YES;
				CLANG_WARN_ENUM_CONVERSION = YES;
				CLANG_WARN_INFINITE_RECURSION = YES;
				CLANG_WARN_INT_CONVERSION = YES;
				CLANG_WARN_NON_LITERAL_NULL_CONVERSION = YES;
				CLANG_WARN_OBJC_IMPLICIT_RETAIN_SELF = YES;
				CLANG_WARN_OBJC_LITERAL_CONVERSION = YES;
				CLANG_WARN_OBJC_ROOT_CLASS = YES_ERROR;
				CLANG_WARN_QUOTED_INCLUDE_IN_FRAMEWORK_HEADER = YES;
				CLANG_WARN_RANGE_LOOP_ANALYSIS = YES;
				CLANG_WARN_STRICT_PROTOTYPES = YES;
				CLANG_WARN_SUSPICIOUS_MOVE = YES;
				CLANG_WARN_UNGUARDED_AVAILABILITY = YES_AGGRESSIVE;
				CLANG_WARN_UNREACHABLE_CODE = YES;
				CLANG_WARN__DUPLICATE_METHOD_MATCH = YES;
				COPY_PHASE_STRIP = NO;
				DEBUG_INFORMATION_FORMAT = "dwarf-with-dsym";
				ENABLE_NS_ASSERTIONS = NO;
				ENABLE_STRICT_OBJC_MSGSEND = YES;
				ENABLE_USER_SCRIPT_SANDBOXING = YES;
				GCC_C_LANGUAGE_STANDARD = gnu17;
				GCC_NO_COMMON_BLOCKS = YES;
				GCC_WARN_64_TO_32_BIT_CONVERSION = YES;
				GCC_WARN_ABOUT_RETURN_TYPE = YES_ERROR;
				GCC_WARN_UNDECLARED_SELECTOR = YES;
				GCC_WARN_UNINITIALIZED_AUTOS = YES_AGGRESSIVE;
				GCC_WARN_UNUSED_FUNCTION = YES;
				GCC_WARN_UNUSED_VARIABLE = YES;
				IPHONEOS_DEPLOYMENT_TARGET = 18.1;
				LOCALIZATION_PREFERS_STRING_CATALOGS = YES;
				MTL_ENABLE_DEBUG_INFO = NO;
				MTL_FAST_MATH = YES;
				SDKROOT = iphoneos;
				SWIFT_COMPILATION_MODE = wholemodule;
				VALIDATE_PRODUCT = YES;
			};
			name = Release;
		};
		EA0B9CE32CF94DFB00CD75C8 /* Debug */ = {
			isa = XCBuildConfiguration;
			buildSettings = {
				ASSETCATALOG_COMPILER_APPICON_NAME = AppIcon;
				ASSETCATALOG_COMPILER_GLOBAL_ACCENT_COLOR_NAME = AccentColor;
				CODE_SIGN_STYLE = Automatic;
				CURRENT_PROJECT_VERSION = 1;
				DEVELOPMENT_ASSET_PATHS = "";
				DEVELOPMENT_TEAM = TQMND62F2W;
				ENABLE_PREVIEWS = YES;
				GENERATE_INFOPLIST_FILE = YES;
				INFOPLIST_FILE = "adventist-hymnarium-info.plist";
				INFOPLIST_KEY_CFBundleDisplayName = "Adventist Hymnarium";
				INFOPLIST_KEY_LSApplicationCategoryType = "public.app-category.reference";
				INFOPLIST_KEY_UIApplicationSceneManifest_Generation = YES;
				INFOPLIST_KEY_UIApplicationSupportsIndirectInputEvents = YES;
				INFOPLIST_KEY_UILaunchScreen_Generation = YES;
				INFOPLIST_KEY_UISupportedInterfaceOrientations_iPad = "UIInterfaceOrientationPortrait UIInterfaceOrientationPortraitUpsideDown UIInterfaceOrientationLandscapeLeft UIInterfaceOrientationLandscapeRight";
				INFOPLIST_KEY_UISupportedInterfaceOrientations_iPhone = "UIInterfaceOrientationPortrait UIInterfaceOrientationLandscapeLeft UIInterfaceOrientationLandscapeRight";
				IPHONEOS_DEPLOYMENT_TARGET = 17.0;
				LD_RUNPATH_SEARCH_PATHS = (
					"$(inherited)",
					"@executable_path/Frameworks",
				);
				MARKETING_VERSION = 1.1;
				PRODUCT_BUNDLE_IDENTIFIER = com.benjaminslingo.adventisthymnarium;
				PRODUCT_NAME = "$(TARGET_NAME)";
				SWIFT_EMIT_LOC_STRINGS = YES;
				SWIFT_VERSION = 5.0;
				TARGETED_DEVICE_FAMILY = "1,2";
			};
			name = Debug;
		};
		EA0B9CE42CF94DFB00CD75C8 /* Release */ = {
			isa = XCBuildConfiguration;
			buildSettings = {
				ASSETCATALOG_COMPILER_APPICON_NAME = AppIcon;
				ASSETCATALOG_COMPILER_GLOBAL_ACCENT_COLOR_NAME = AccentColor;
				CODE_SIGN_STYLE = Automatic;
				CURRENT_PROJECT_VERSION = 1;
				DEVELOPMENT_ASSET_PATHS = "";
				DEVELOPMENT_TEAM = TQMND62F2W;
				ENABLE_PREVIEWS = YES;
				GENERATE_INFOPLIST_FILE = YES;
				INFOPLIST_FILE = "adventist-hymnarium-info.plist";
				INFOPLIST_KEY_CFBundleDisplayName = "Adventist Hymnarium";
				INFOPLIST_KEY_LSApplicationCategoryType = "public.app-category.reference";
				INFOPLIST_KEY_UIApplicationSceneManifest_Generation = YES;
				INFOPLIST_KEY_UIApplicationSupportsIndirectInputEvents = YES;
				INFOPLIST_KEY_UILaunchScreen_Generation = YES;
				INFOPLIST_KEY_UISupportedInterfaceOrientations_iPad = "UIInterfaceOrientationPortrait UIInterfaceOrientationPortraitUpsideDown UIInterfaceOrientationLandscapeLeft UIInterfaceOrientationLandscapeRight";
				INFOPLIST_KEY_UISupportedInterfaceOrientations_iPhone = "UIInterfaceOrientationPortrait UIInterfaceOrientationLandscapeLeft UIInterfaceOrientationLandscapeRight";
				IPHONEOS_DEPLOYMENT_TARGET = 17.0;
				LD_RUNPATH_SEARCH_PATHS = (
					"$(inherited)",
					"@executable_path/Frameworks",
				);
				MARKETING_VERSION = 1.1;
				PRODUCT_BUNDLE_IDENTIFIER = com.benjaminslingo.adventisthymnarium;
				PRODUCT_NAME = "$(TARGET_NAME)";
				SWIFT_EMIT_LOC_STRINGS = YES;
				SWIFT_VERSION = 5.0;
				TARGETED_DEVICE_FAMILY = "1,2";
			};
			name = Release;
		};
		EA0B9CE62CF94DFB00CD75C8 /* Debug */ = {
			isa = XCBuildConfiguration;
			buildSettings = {
				BUNDLE_LOADER = "$(TEST_HOST)";
				CODE_SIGN_STYLE = Automatic;
				CURRENT_PROJECT_VERSION = 1;
				DEVELOPMENT_TEAM = TQMND62F2W;
				GENERATE_INFOPLIST_FILE = YES;
				IPHONEOS_DEPLOYMENT_TARGET = 18.1;
				MARKETING_VERSION = 1.0;
				PRODUCT_BUNDLE_IDENTIFIER = "com.benjaminslingo.SDA-HymnalTests";
				PRODUCT_NAME = "$(TARGET_NAME)";
				SWIFT_EMIT_LOC_STRINGS = NO;
				SWIFT_VERSION = 5.0;
				TARGETED_DEVICE_FAMILY = "1,2";
				TEST_HOST = "$(BUILT_PRODUCTS_DIR)/Adventist Hymnarium.app/$(BUNDLE_EXECUTABLE_FOLDER_PATH)/Adventist Hymnarium";
			};
			name = Debug;
		};
		EA0B9CE72CF94DFB00CD75C8 /* Release */ = {
			isa = XCBuildConfiguration;
			buildSettings = {
				BUNDLE_LOADER = "$(TEST_HOST)";
				CODE_SIGN_STYLE = Automatic;
				CURRENT_PROJECT_VERSION = 1;
				DEVELOPMENT_TEAM = TQMND62F2W;
				GENERATE_INFOPLIST_FILE = YES;
				IPHONEOS_DEPLOYMENT_TARGET = 18.1;
				MARKETING_VERSION = 1.0;
				PRODUCT_BUNDLE_IDENTIFIER = "com.benjaminslingo.SDA-HymnalTests";
				PRODUCT_NAME = "$(TARGET_NAME)";
				SWIFT_EMIT_LOC_STRINGS = NO;
				SWIFT_VERSION = 5.0;
				TARGETED_DEVICE_FAMILY = "1,2";
				TEST_HOST = "$(BUILT_PRODUCTS_DIR)/Adventist Hymnarium.app/$(BUNDLE_EXECUTABLE_FOLDER_PATH)/Adventist Hymnarium";
			};
			name = Release;
		};
		EA0B9CE92CF94DFB00CD75C8 /* Debug */ = {
			isa = XCBuildConfiguration;
			buildSettings = {
				CODE_SIGN_STYLE = Automatic;
				CURRENT_PROJECT_VERSION = 1;
				DEVELOPMENT_TEAM = TQMND62F2W;
				GENERATE_INFOPLIST_FILE = YES;
				MARKETING_VERSION = 1.0;
				PRODUCT_BUNDLE_IDENTIFIER = "com.benjaminslingo.SDA-HymnalUITests";
				PRODUCT_NAME = "$(TARGET_NAME)";
				SWIFT_EMIT_LOC_STRINGS = NO;
				SWIFT_VERSION = 5.0;
				TARGETED_DEVICE_FAMILY = "1,2";
				TEST_TARGET_NAME = "SDA Hymnal";
			};
			name = Debug;
		};
		EA0B9CEA2CF94DFB00CD75C8 /* Release */ = {
			isa = XCBuildConfiguration;
			buildSettings = {
				CODE_SIGN_STYLE = Automatic;
				CURRENT_PROJECT_VERSION = 1;
				DEVELOPMENT_TEAM = TQMND62F2W;
				GENERATE_INFOPLIST_FILE = YES;
				MARKETING_VERSION = 1.0;
				PRODUCT_BUNDLE_IDENTIFIER = "com.benjaminslingo.SDA-HymnalUITests";
				PRODUCT_NAME = "$(TARGET_NAME)";
				SWIFT_EMIT_LOC_STRINGS = NO;
				SWIFT_VERSION = 5.0;
				TARGETED_DEVICE_FAMILY = "1,2";
				TEST_TARGET_NAME = "SDA Hymnal";
			};
			name = Release;
		};
/* End XCBuildConfiguration section */

/* Begin XCConfigurationList section */
		EA0B9CB92CF94DFA00CD75C8 /* Build configuration list for PBXProject "Adventist Hymnarium" */ = {
			isa = XCConfigurationList;
			buildConfigurations = (
				EA0B9CE02CF94DFB00CD75C8 /* Debug */,
				EA0B9CE12CF94DFB00CD75C8 /* Release */,
			);
			defaultConfigurationIsVisible = 0;
			defaultConfigurationName = Release;
		};
		EA0B9CE22CF94DFB00CD75C8 /* Build configuration list for PBXNativeTarget "Adventist Hymnarium" */ = {
			isa = XCConfigurationList;
			buildConfigurations = (
				EA0B9CE32CF94DFB00CD75C8 /* Debug */,
				EA0B9CE42CF94DFB00CD75C8 /* Release */,
			);
			defaultConfigurationIsVisible = 0;
			defaultConfigurationName = Release;
		};
		EA0B9CE52CF94DFB00CD75C8 /* Build configuration list for PBXNativeTarget "Adventist HymnariumTests" */ = {
			isa = XCConfigurationList;
			buildConfigurations = (
				EA0B9CE62CF94DFB00CD75C8 /* Debug */,
				EA0B9CE72CF94DFB00CD75C8 /* Release */,
			);
			defaultConfigurationIsVisible = 0;
			defaultConfigurationName = Release;
		};
		EA0B9CE82CF94DFB00CD75C8 /* Build configuration list for PBXNativeTarget "Adventist HymnariumUITests" */ = {
			isa = XCConfigurationList;
			buildConfigurations = (
				EA0B9CE92CF94DFB00CD75C8 /* Debug */,
				EA0B9CEA2CF94DFB00CD75C8 /* Release */,
			);
			defaultConfigurationIsVisible = 0;
			defaultConfigurationName = Release;
		};
/* End XCConfigurationList section */
	};
	rootObject = EA0B9CB62CF94DFA00CD75C8 /* Project object */;
}
